// !$*UTF8*$!
{
	archiveVersion = 1;
	classes = {
	};
	objectVersion = 46;
	objects = {

/* Begin PBXBuildFile section */
		A637E5231E7870E000123C07 /* main.cpp in Sources */ = {isa = PBXBuildFile; fileRef = A637E5221E7870E000123C07 /* main.cpp */; };
		A637E52B1E78711700123C07 /* Board.cpp in Sources */ = {isa = PBXBuildFile; fileRef = A637E5291E78711700123C07 /* Board.cpp */; };
		A637E52E1E78712D00123C07 /* TicTacToe.cpp in Sources */ = {isa = PBXBuildFile; fileRef = A637E52C1E78712D00123C07 /* TicTacToe.cpp */; };
/* End PBXBuildFile section */

/* Begin PBXCopyFilesBuildPhase section */
		A637E51D1E7870E000123C07 /* CopyFiles */ = {
			isa = PBXCopyFilesBuildPhase;
			buildActionMask = 2147483647;
			dstPath = /usr/share/man/man1/;
			dstSubfolderSpec = 0;
			files = (
			);
			runOnlyForDeploymentPostprocessing = 1;
		};
/* End PBXCopyFilesBuildPhase section */

/* Begin PBXFileReference section */
		A637E51F1E7870E000123C07 /* Project 10.a */ = {isa = PBXFileReference; explicitFileType = "compiled.mach-o.executable"; includeInIndex = 0; path = "Project 10.a"; sourceTree = BUILT_PRODUCTS_DIR; };
		A637E5221E7870E000123C07 /* main.cpp */ = {isa = PBXFileReference; lastKnownFileType = sourcecode.cpp.cpp; path = main.cpp; sourceTree = "<group>"; };
		A637E5291E78711700123C07 /* Board.cpp */ = {isa = PBXFileReference; fileEncoding = 4; lastKnownFileType = sourcecode.cpp.cpp; path = Board.cpp; sourceTree = "<group>"; };
		A637E52A1E78711700123C07 /* Board.hpp */ = {isa = PBXFileReference; fileEncoding = 4; lastKnownFileType = sourcecode.cpp.h; path = Board.hpp; sourceTree = "<group>"; };
		A637E52C1E78712D00123C07 /* TicTacToe.cpp */ = {isa = PBXFileReference; fileEncoding = 4; lastKnownFileType = sourcecode.cpp.cpp; path = TicTacToe.cpp; sourceTree = "<group>"; };
		A637E52D1E78712D00123C07 /* TicTacToe.hpp */ = {isa = PBXFileReference; fileEncoding = 4; lastKnownFileType = sourcecode.cpp.h; path = TicTacToe.hpp; sourceTree = "<group>"; };
/* End PBXFileReference section */

/* Begin PBXFrameworksBuildPhase section */
		A637E51C1E7870E000123C07 /* Frameworks */ = {
			isa = PBXFrameworksBuildPhase;
			buildActionMask = 2147483647;
			files = (
			);
			runOnlyForDeploymentPostprocessing = 0;
		};
/* End PBXFrameworksBuildPhase section */

/* Begin PBXGroup section */
		A637E5161E7870E000123C07 = {
			isa = PBXGroup;
			children = (
				A637E5211E7870E000123C07 /* Project 10.a */,
				A637E5201E7870E000123C07 /* Products */,
			);
			sourceTree = "<group>";
		};
		A637E5201E7870E000123C07 /* Products */ = {
			isa = PBXGroup;
			children = (
				A637E51F1E7870E000123C07 /* Project 10.a */,
			);
			name = Products;
			sourceTree = "<group>";
		};
		A637E5211E7870E000123C07 /* Project 10.a */ = {
			isa = PBXGroup;
			children = (
				A637E5221E7870E000123C07 /* main.cpp */,
				A637E5291E78711700123C07 /* Board.cpp */,
				A637E52A1E78711700123C07 /* Board.hpp */,
				A637E52C1E78712D00123C07 /* TicTacToe.cpp */,
				A637E52D1E78712D00123C07 /* TicTacToe.hpp */,
			);
			path = "Project 10.a";
			sourceTree = "<group>";
		};
/* End PBXGroup section */

/* Begin PBXNativeTarget section */
		A637E51E1E7870E000123C07 /* Project 10.a */ = {
			isa = PBXNativeTarget;
			buildConfigurationList = A637E5261E7870E000123C07 /* Build configuration list for PBXNativeTarget "Project 10.a" */;
			buildPhases = (
				A637E51B1E7870E000123C07 /* Sources */,
				A637E51C1E7870E000123C07 /* Frameworks */,
				A637E51D1E7870E000123C07 /* CopyFiles */,
			);
			buildRules = (
			);
			dependencies = (
			);
			name = "Project 10.a";
			productName = "Project 10.a";
			productReference = A637E51F1E7870E000123C07 /* Project 10.a */;
			productType = "com.apple.product-type.tool";
		};
/* End PBXNativeTarget section */

/* Begin PBXProject section */
		A637E5171E7870E000123C07 /* Project object */ = {
			isa = PBXProject;
			attributes = {
				LastUpgradeCheck = 0820;
				ORGANIZATIONNAME = "Benjamin Fondell";
				TargetAttributes = {
					A637E51E1E7870E000123C07 = {
						CreatedOnToolsVersion = 8.2.1;
						ProvisioningStyle = Automatic;
					};
				};
			};
			buildConfigurationList = A637E51A1E7870E000123C07 /* Build configuration list for PBXProject "Project 10.a" */;
			compatibilityVersion = "Xcode 3.2";
			developmentRegion = English;
			hasScannedForEncodings = 0;
			knownRegions = (
				en,
			);
			mainGroup = A637E5161E7870E000123C07;
			productRefGroup = A637E5201E7870E000123C07 /* Products */;
			projectDirPath = "";
			projectRoot = "";
			targets = (
				A637E51E1E7870E000123C07 /* Project 10.a */,
			);
		};
/* End PBXProject section */

/* Begin PBXSourcesBuildPhase section */
		A637E51B1E7870E000123C07 /* Sources */ = {
			isa = PBXSourcesBuildPhase;
			buildActionMask = 2147483647;
			files = (
				A637E52B1E78711700123C07 /* Board.cpp in Sources */,
				A637E52E1E78712D00123C07 /* TicTacToe.cpp in Sources */,
				A637E5231E7870E000123C07 /* main.cpp in Sources */,
			);
			runOnlyForDeploymentPostprocessing = 0;
		};
/* End PBXSourcesBuildPhase section */

/* Begin XCBuildConfiguration section */
		A637E5241E7870E000123C07 /* Debug */ = {
			isa = XCBuildConfiguration;
			buildSettings = {
				ALWAYS_SEARCH_USER_PATHS = NO;
				CLANG_ANALYZER_NONNULL = YES;
				CLANG_CXX_LANGUAGE_STANDARD = "gnu++0x";
				CLANG_CXX_LIBRARY = "libc++";
				CLANG_ENABLE_MODULES = YES;
				CLANG_ENABLE_OBJC_ARC = YES;
				CLANG_WARN_BOOL_CONVERSION = YES;
				CLANG_WARN_CONSTANT_CONVERSION = YES;
				CLANG_WARN_DIRECT_OBJC_ISA_USAGE = YES_ERROR;
				CLANG_WARN_DOCUMENTATION_COMMENTS = YES;
				CLANG_WARN_EMPTY_BODY = YES;
				CLANG_WARN_ENUM_CONVERSION = YES;
				CLANG_WARN_INFINITE_RECURSION = YES;
				CLANG_WARN_INT_CONVERSION = YES;
				CLANG_WARN_OBJC_ROOT_CLASS = YES_ERROR;
				CLANG_WARN_SUSPICIOUS_MOVE = YES;
				CLANG_WARN_UNREACHABLE_CODE = YES;
				CLANG_WARN__DUPLICATE_METHOD_MATCH = YES;
				CODE_SIGN_IDENTITY = "-";
				COPY_PHASE_STRIP = NO;
				DEBUG_INFORMATION_FORMAT = dwarf;
				ENABLE_STRICT_OBJC_MSGSEND = YES;
				ENABLE_TESTABILITY = YES;
				GCC_C_LANGUAGE_STANDARD = gnu99;
				GCC_DYNAMIC_NO_PIC = NO;
				GCC_NO_COMMON_BLOCKS = YES;
				GCC_OPTIMIZATION_LEVEL = 0;
				GCC_PREPROCESSOR_DEFINITIONS = (
					"DEBUG=1",
					"$(inherited)",
				);
				GCC_WARN_64_TO_32_BIT_CONVERSION = YES;
				GCC_WARN_ABOUT_RETURN_TYPE = YES_ERROR;
				GCC_WARN_UNDECLARED_SELECTOR = YES;
				GCC_WARN_UNINITIALIZED_AUTOS = YES_AGGRESSIVE;
				GCC_WARN_UNUSED_FUNCTION = YES;
				GCC_WARN_UNUSED_VARIABLE = YES;
				MACOSX_DEPLOYMENT_TARGET = 10.12;
				MTL_ENABLE_DEBUG_INFO = YES;
				ONLY_ACTIVE_ARCH = YES;
				SDKROOT = macosx;
			};
			name = Debug;
		};
		A637E5251E7870E000123C07 /* Release */ = {
			isa = XCBuildConfiguration;
			buildSettings = {
				ALWAYS_SEARCH_USER_PATHS = NO;
				CLANG_ANALYZER_NONNULL = YES;
				CLANG_CXX_LANGUAGE_STANDARD = "gnu++0x";
				CLANG_CXX_LIBRARY = "libc++";
				CLANG_ENABLE_MODULES = YES;
				CLANG_ENABLE_OBJC_ARC = YES;
				CLANG_WARN_BOOL_CONVERSION = YES;
				CLANG_WARN_CONSTANT_CONVERSION = YES;
				CLANG_WARN_DIRECT_OBJC_ISA_USAGE = YES_ERROR;
				CLANG_WARN_DOCUMENTATION_COMMENTS = YES;
				CLANG_WARN_EMPTY_BODY = YES;
				CLANG_WARN_ENUM_CONVERSION = YES;
				CLANG_WARN_INFINITE_RECURSION = YES;
				CLANG_WARN_INT_CONVERSION = YES;
				CLANG_WARN_OBJC_ROOT_CLASS = YES_ERROR;
				CLANG_WARN_SUSPICIOUS_MOVE = YES;
				CLANG_WARN_UNREACHABLE_CODE = YES;
				CLANG_WARN__DUPLICATE_METHOD_MATCH = YES;
				CODE_SIGN_IDENTITY = "-";
				COPY_PHASE_STRIP = NO;
				DEBUG_INFORMATION_FORMAT = "dwarf-with-dsym";
				ENABLE_NS_ASSERTIONS = NO;
				ENABLE_STRICT_OBJC_MSGSEND = YES;
				GCC_C_LANGUAGE_STANDARD = gnu99;
				GCC_NO_COMMON_BLOCKS = YES;
				GCC_WARN_64_TO_32_BIT_CONVERSION = YES;
				GCC_WARN_ABOUT_RETURN_TYPE = YES_ERROR;
				GCC_WARN_UNDECLARED_SELECTOR = YES;
				GCC_WARN_UNINITIALIZED_AUTOS = YES_AGGRESSIVE;
				GCC_WARN_UNUSED_FUNCTION = YES;
				GCC_WARN_UNUSED_VARIABLE = YES;
				MACOSX_DEPLOYMENT_TARGET = 10.12;
				MTL_ENABLE_DEBUG_INFO = NO;
				SDKROOT = macosx;
			};
			name = Release;
		};
		A637E5271E7870E000123C07 /* Debug */ = {
			isa = XCBuildConfiguration;
			buildSettings = {
				PRODUCT_NAME = "$(TARGET_NAME)";
			};
			name = Debug;
		};
		A637E5281E7870E000123C07 /* Release */ = {
			isa = XCBuildConfiguration;
			buildSettings = {
				PRODUCT_NAME = "$(TARGET_NAME)";
			};
			name = Release;
		};
/* End XCBuildConfiguration section */

/* Begin XCConfigurationList section */
		A637E51A1E7870E000123C07 /* Build configuration list for PBXProject "Project 10.a" */ = {
			isa = XCConfigurationList;
			buildConfigurations = (
				A637E5241E7870E000123C07 /* Debug */,
				A637E5251E7870E000123C07 /* Release */,
			);
			defaultConfigurationIsVisible = 0;
			defaultConfigurationName = Release;
		};
		A637E5261E7870E000123C07 /* Build configuration list for PBXNativeTarget "Project 10.a" */ = {
			isa = XCConfigurationList;
			buildConfigurations = (
				A637E5271E7870E000123C07 /* Debug */,
				A637E5281E7870E000123C07 /* Release */,
			);
			defaultConfigurationIsVisible = 0;
		};
/* End XCConfigurationList section */
	};
	rootObject = A637E5171E7870E000123C07 /* Project object */;
}
