// !$*UTF8*$!
{
	archiveVersion = 1;
	classes = {
	};
	objectVersion = 46;
	objects = {

/* Begin PBXBuildFile section */
		A6E4A3AE1E67BDF000C3D1DE /* main.cpp in Sources */ = {isa = PBXBuildFile; fileRef = A6E4A3AD1E67BDF000C3D1DE /* main.cpp */; };
		A6E4A3B61E67BE0B00C3D1DE /* CustomerProject.cpp in Sources */ = {isa = PBXBuildFile; fileRef = A6E4A3B41E67BE0B00C3D1DE /* CustomerProject.cpp */; };
		A6E4A3B91E67BE1E00C3D1DE /* RegularProject.cpp in Sources */ = {isa = PBXBuildFile; fileRef = A6E4A3B71E67BE1E00C3D1DE /* RegularProject.cpp */; };
		A6E4A3BC1E67BE3700C3D1DE /* PrefferedProject.cpp in Sources */ = {isa = PBXBuildFile; fileRef = A6E4A3BA1E67BE3700C3D1DE /* PrefferedProject.cpp */; };
/* End PBXBuildFile section */

/* Begin PBXCopyFilesBuildPhase section */
		A6E4A3A81E67BDF000C3D1DE /* CopyFiles */ = {
			isa = PBXCopyFilesBuildPhase;
			buildActionMask = 2147483647;
			dstPath = /usr/share/man/man1/;
			dstSubfolderSpec = 0;
			files = (
			);
			runOnlyForDeploymentPostprocessing = 1;
		};
/* End PBXCopyFilesBuildPhase section */

/* Begin PBXFileReference section */
		A6E4A3AA1E67BDF000C3D1DE /* 8.b */ = {isa = PBXFileReference; explicitFileType = "compiled.mach-o.executable"; includeInIndex = 0; path = 8.b; sourceTree = BUILT_PRODUCTS_DIR; };
		A6E4A3AD1E67BDF000C3D1DE /* main.cpp */ = {isa = PBXFileReference; lastKnownFileType = sourcecode.cpp.cpp; path = main.cpp; sourceTree = "<group>"; };
		A6E4A3B41E67BE0B00C3D1DE /* CustomerProject.cpp */ = {isa = PBXFileReference; fileEncoding = 4; lastKnownFileType = sourcecode.cpp.cpp; path = CustomerProject.cpp; sourceTree = "<group>"; };
		A6E4A3B51E67BE0B00C3D1DE /* CustomerProject.hpp */ = {isa = PBXFileReference; fileEncoding = 4; lastKnownFileType = sourcecode.cpp.h; path = CustomerProject.hpp; sourceTree = "<group>"; };
		A6E4A3B71E67BE1E00C3D1DE /* RegularProject.cpp */ = {isa = PBXFileReference; fileEncoding = 4; lastKnownFileType = sourcecode.cpp.cpp; path = RegularProject.cpp; sourceTree = "<group>"; };
		A6E4A3B81E67BE1E00C3D1DE /* RegularProject.hpp */ = {isa = PBXFileReference; fileEncoding = 4; lastKnownFileType = sourcecode.cpp.h; path = RegularProject.hpp; sourceTree = "<group>"; };
		A6E4A3BA1E67BE3700C3D1DE /* PrefferedProject.cpp */ = {isa = PBXFileReference; fileEncoding = 4; lastKnownFileType = sourcecode.cpp.cpp; path = PrefferedProject.cpp; sourceTree = "<group>"; };
		A6E4A3BB1E67BE3700C3D1DE /* PrefferedProject.hpp */ = {isa = PBXFileReference; fileEncoding = 4; lastKnownFileType = sourcecode.cpp.h; name = PrefferedProject.hpp; path = "/Users/benjaminfondell/Desktop/C++ Programs/Assignment 8/8.b/8.b/PrefferedProject.hpp"; sourceTree = "<absolute>"; };
/* End PBXFileReference section */

/* Begin PBXFrameworksBuildPhase section */
		A6E4A3A71E67BDF000C3D1DE /* Frameworks */ = {
			isa = PBXFrameworksBuildPhase;
			buildActionMask = 2147483647;
			files = (
			);
			runOnlyForDeploymentPostprocessing = 0;
		};
/* End PBXFrameworksBuildPhase section */

/* Begin PBXGroup section */
		A6E4A3A11E67BDF000C3D1DE = {
			isa = PBXGroup;
			children = (
				A6E4A3AC1E67BDF000C3D1DE /* 8.b */,
				A6E4A3AB1E67BDF000C3D1DE /* Products */,
			);
			sourceTree = "<group>";
		};
		A6E4A3AB1E67BDF000C3D1DE /* Products */ = {
			isa = PBXGroup;
			children = (
				A6E4A3AA1E67BDF000C3D1DE /* 8.b */,
			);
			name = Products;
			sourceTree = "<group>";
		};
		A6E4A3AC1E67BDF000C3D1DE /* 8.b */ = {
			isa = PBXGroup;
			children = (
				A6E4A3AD1E67BDF000C3D1DE /* main.cpp */,
				A6E4A3B41E67BE0B00C3D1DE /* CustomerProject.cpp */,
				A6E4A3B51E67BE0B00C3D1DE /* CustomerProject.hpp */,
				A6E4A3B71E67BE1E00C3D1DE /* RegularProject.cpp */,
				A6E4A3B81E67BE1E00C3D1DE /* RegularProject.hpp */,
				A6E4A3BA1E67BE3700C3D1DE /* PrefferedProject.cpp */,
				A6E4A3BB1E67BE3700C3D1DE /* PrefferedProject.hpp */,
			);
			path = 8.b;
			sourceTree = "<group>";
		};
/* End PBXGroup section */

/* Begin PBXNativeTarget section */
		A6E4A3A91E67BDF000C3D1DE /* 8.b */ = {
			isa = PBXNativeTarget;
			buildConfigurationList = A6E4A3B11E67BDF000C3D1DE /* Build configuration list for PBXNativeTarget "8.b" */;
			buildPhases = (
				A6E4A3A61E67BDF000C3D1DE /* Sources */,
				A6E4A3A71E67BDF000C3D1DE /* Frameworks */,
				A6E4A3A81E67BDF000C3D1DE /* CopyFiles */,
			);
			buildRules = (
			);
			dependencies = (
			);
			name = 8.b;
			productName = 8.b;
			productReference = A6E4A3AA1E67BDF000C3D1DE /* 8.b */;
			productType = "com.apple.product-type.tool";
		};
/* End PBXNativeTarget section */

/* Begin PBXProject section */
		A6E4A3A21E67BDF000C3D1DE /* Project object */ = {
			isa = PBXProject;
			attributes = {
				LastUpgradeCheck = 0820;
				ORGANIZATIONNAME = "Benjamin Fondell";
				TargetAttributes = {
					A6E4A3A91E67BDF000C3D1DE = {
						CreatedOnToolsVersion = 8.2.1;
						ProvisioningStyle = Automatic;
					};
				};
			};
			buildConfigurationList = A6E4A3A51E67BDF000C3D1DE /* Build configuration list for PBXProject "8.b" */;
			compatibilityVersion = "Xcode 3.2";
			developmentRegion = English;
			hasScannedForEncodings = 0;
			knownRegions = (
				en,
			);
			mainGroup = A6E4A3A11E67BDF000C3D1DE;
			productRefGroup = A6E4A3AB1E67BDF000C3D1DE /* Products */;
			projectDirPath = "";
			projectRoot = "";
			targets = (
				A6E4A3A91E67BDF000C3D1DE /* 8.b */,
			);
		};
/* End PBXProject section */

/* Begin PBXSourcesBuildPhase section */
		A6E4A3A61E67BDF000C3D1DE /* Sources */ = {
			isa = PBXSourcesBuildPhase;
			buildActionMask = 2147483647;
			files = (
				A6E4A3AE1E67BDF000C3D1DE /* main.cpp in Sources */,
				A6E4A3B61E67BE0B00C3D1DE /* CustomerProject.cpp in Sources */,
				A6E4A3B91E67BE1E00C3D1DE /* RegularProject.cpp in Sources */,
				A6E4A3BC1E67BE3700C3D1DE /* PrefferedProject.cpp in Sources */,
			);
			runOnlyForDeploymentPostprocessing = 0;
		};
/* End PBXSourcesBuildPhase section */

/* Begin XCBuildConfiguration section */
		A6E4A3AF1E67BDF000C3D1DE /* Debug */ = {
			isa = XCBuildConfiguration;
			buildSettings = {
				ALWAYS_SEARCH_USER_PATHS = NO;
				CLANG_ANALYZER_NONNULL = YES;
				CLANG_CXX_LANGUAGE_STANDARD = "gnu++0x";
				CLANG_CXX_LIBRARY = "libc++";
				CLANG_ENABLE_MODULES = YES;
				CLANG_ENABLE_OBJC_ARC = YES;
				CLANG_WARN_BOOL_CONVERSION = YES;
				CLANG_WARN_CONSTANT_CONVERSION = YES;
				CLANG_WARN_DIRECT_OBJC_ISA_USAGE = YES_ERROR;
				CLANG_WARN_DOCUMENTATION_COMMENTS = YES;
				CLANG_WARN_EMPTY_BODY = YES;
				CLANG_WARN_ENUM_CONVERSION = YES;
				CLANG_WARN_INFINITE_RECURSION = YES;
				CLANG_WARN_INT_CONVERSION = YES;
				CLANG_WARN_OBJC_ROOT_CLASS = YES_ERROR;
				CLANG_WARN_SUSPICIOUS_MOVE = YES;
				CLANG_WARN_UNREACHABLE_CODE = YES;
				CLANG_WARN__DUPLICATE_METHOD_MATCH = YES;
				CODE_SIGN_IDENTITY = "-";
				COPY_PHASE_STRIP = NO;
				DEBUG_INFORMATION_FORMAT = dwarf;
				ENABLE_STRICT_OBJC_MSGSEND = YES;
				ENABLE_TESTABILITY = YES;
				GCC_C_LANGUAGE_STANDARD = gnu99;
				GCC_DYNAMIC_NO_PIC = NO;
				GCC_NO_COMMON_BLOCKS = YES;
				GCC_OPTIMIZATION_LEVEL = 0;
				GCC_PREPROCESSOR_DEFINITIONS = (
					"DEBUG=1",
					"$(inherited)",
				);
				GCC_WARN_64_TO_32_BIT_CONVERSION = YES;
				GCC_WARN_ABOUT_RETURN_TYPE = YES_ERROR;
				GCC_WARN_UNDECLARED_SELECTOR = YES;
				GCC_WARN_UNINITIALIZED_AUTOS = YES_AGGRESSIVE;
				GCC_WARN_UNUSED_FUNCTION = YES;
				GCC_WARN_UNUSED_VARIABLE = YES;
				MACOSX_DEPLOYMENT_TARGET = 10.12;
				MTL_ENABLE_DEBUG_INFO = YES;
				ONLY_ACTIVE_ARCH = YES;
				SDKROOT = macosx;
			};
			name = Debug;
		};
		A6E4A3B01E67BDF000C3D1DE /* Release */ = {
			isa = XCBuildConfiguration;
			buildSettings = {
				ALWAYS_SEARCH_USER_PATHS = NO;
				CLANG_ANALYZER_NONNULL = YES;
				CLANG_CXX_LANGUAGE_STANDARD = "gnu++0x";
				CLANG_CXX_LIBRARY = "libc++";
				CLANG_ENABLE_MODULES = YES;
				CLANG_ENABLE_OBJC_ARC = YES;
				CLANG_WARN_BOOL_CONVERSION = YES;
				CLANG_WARN_CONSTANT_CONVERSION = YES;
				CLANG_WARN_DIRECT_OBJC_ISA_USAGE = YES_ERROR;
				CLANG_WARN_DOCUMENTATION_COMMENTS = YES;
				CLANG_WARN_EMPTY_BODY = YES;
				CLANG_WARN_ENUM_CONVERSION = YES;
				CLANG_WARN_INFINITE_RECURSION = YES;
				CLANG_WARN_INT_CONVERSION = YES;
				CLANG_WARN_OBJC_ROOT_CLASS = YES_ERROR;
				CLANG_WARN_SUSPICIOUS_MOVE = YES;
				CLANG_WARN_UNREACHABLE_CODE = YES;
				CLANG_WARN__DUPLICATE_METHOD_MATCH = YES;
				CODE_SIGN_IDENTITY = "-";
				COPY_PHASE_STRIP = NO;
				DEBUG_INFORMATION_FORMAT = "dwarf-with-dsym";
				ENABLE_NS_ASSERTIONS = NO;
				ENABLE_STRICT_OBJC_MSGSEND = YES;
				GCC_C_LANGUAGE_STANDARD = gnu99;
				GCC_NO_COMMON_BLOCKS = YES;
				GCC_WARN_64_TO_32_BIT_CONVERSION = YES;
				GCC_WARN_ABOUT_RETURN_TYPE = YES_ERROR;
				GCC_WARN_UNDECLARED_SELECTOR = YES;
				GCC_WARN_UNINITIALIZED_AUTOS = YES_AGGRESSIVE;
				GCC_WARN_UNUSED_FUNCTION = YES;
				GCC_WARN_UNUSED_VARIABLE = YES;
				MACOSX_DEPLOYMENT_TARGET = 10.12;
				MTL_ENABLE_DEBUG_INFO = NO;
				SDKROOT = macosx;
			};
			name = Release;
		};
		A6E4A3B21E67BDF000C3D1DE /* Debug */ = {
			isa = XCBuildConfiguration;
			buildSettings = {
				PRODUCT_NAME = "$(TARGET_NAME)";
			};
			name = Debug;
		};
		A6E4A3B31E67BDF000C3D1DE /* Release */ = {
			isa = XCBuildConfiguration;
			buildSettings = {
				PRODUCT_NAME = "$(TARGET_NAME)";
			};
			name = Release;
		};
/* End XCBuildConfiguration section */

/* Begin XCConfigurationList section */
		A6E4A3A51E67BDF000C3D1DE /* Build configuration list for PBXProject "8.b" */ = {
			isa = XCConfigurationList;
			buildConfigurations = (
				A6E4A3AF1E67BDF000C3D1DE /* Debug */,
				A6E4A3B01E67BDF000C3D1DE /* Release */,
			);
			defaultConfigurationIsVisible = 0;
			defaultConfigurationName = Release;
		};
		A6E4A3B11E67BDF000C3D1DE /* Build configuration list for PBXNativeTarget "8.b" */ = {
			isa = XCConfigurationList;
			buildConfigurations = (
				A6E4A3B21E67BDF000C3D1DE /* Debug */,
				A6E4A3B31E67BDF000C3D1DE /* Release */,
			);
			defaultConfigurationIsVisible = 0;
		};
/* End XCConfigurationList section */
	};
	rootObject = A6E4A3A21E67BDF000C3D1DE /* Project object */;
}
